PODS:
  - HCSStarRatingView (1.4.5)
  - OHHTTPStubs (5.0.0):
    - OHHTTPStubs/Default (= 5.0.0)
  - OHHTTPStubs/Core (5.0.0)
  - OHHTTPStubs/Default (5.0.0):
    - OHHTTPStubs/Core
    - OHHTTPStubs/JSON
    - OHHTTPStubs/NSURLSession
    - OHHTTPStubs/OHPathHelpers
  - OHHTTPStubs/JSON (5.0.0):
    - OHHTTPStubs/Core
  - OHHTTPStubs/NSURLSession (5.0.0):
    - OHHTTPStubs/Core
  - OHHTTPStubs/OHPathHelpers (5.0.0)
  - UITextView+Placeholder (1.2.0)

DEPENDENCIES:
  - HCSStarRatingView (~> 1.4.5)
  - OHHTTPStubs (~> 5.0.0)
  - UITextView+Placeholder (~> 1.2)

SPEC CHECKSUMS:
  HCSStarRatingView: bff3f89314d3b5013ce826ea11897d3129ff6b8c
  OHHTTPStubs: a5d2e9eea07869d42ec03338325f398bc520e159
  UITextView+Placeholder: 77680995fcdd07c3f52ec92fe1150874a2ac89ff

PODFILE CHECKSUM: 248c84b1cb417d32d503409b4e108d9b65c500a4

COCOAPODS: 1.0.0
